
Microsoft Visual Studio Solution File, Format Version 12.00
Project("{2150E333-8FDC-42A3-9474-1A3956D46DE8}") = "docs", "docs", "{ACFCEFF7-8C3B-4D05-8080-DD19A6E07873}"
	ProjectSection(SolutionItems) = preProject
		README.md = README.md
	EndProjectSection
EndProject
Project("{FAE04EC0-301F-11D3-BF4B-00C04F79EFBC}") = "Tests.RunLogic", "Tests.RunLogic\Tests.RunLogic.csproj", "{82C31766-E0A2-4367-A1B9-CDF58076C48B}"
EndProject
Project("{2150E333-8FDC-42A3-9474-1A3956D46DE8}") = "Tests", "Tests", "{1A7E5397-CFA9-4D54-A41D-DB294B9706D1}"
EndProject
Project("{FAE04EC0-301F-11D3-BF4B-00C04F79EFBC}") = "Tests.CSharp", "Tests.CSharp\Tests.CSharp.csproj", "{41E0C170-FD89-4DAC-9480-CE74CCFA6BEF}"
EndProject
Project("{2150E333-8FDC-42A3-9474-1A3956D46DE8}") = "Homework1", "Homework1", "{F36E18CF-1CD2-45C9-8270-0448FB18A9E7}"
EndProject
Project("{FAE04EC0-301F-11D3-BF4B-00C04F79EFBC}") = "Hw1", "Homework1\Hw1\Hw1.csproj", "{70EF26B3-A5F2-420C-AF48-0BF5DD88D6D2}"
EndProject
Project("{9A19103F-16F7-4668-BE54-9A1E7A4F7556}") = "Hw2", "Homework2\Hw2\Hw2.ilproj", "{86E86EBF-2329-4FCD-B265-05EE56166115}"
EndProject
Project("{2150E333-8FDC-42A3-9474-1A3956D46DE8}") = "Homework2", "Homework2", "{78713F51-DF3E-4B9B-AB6D-9869450813CE}"
EndProject
Global
	GlobalSection(SolutionConfigurationPlatforms) = preSolution
		Debug|Any CPU = Debug|Any CPU
		Release|Any CPU = Release|Any CPU
	EndGlobalSection
	GlobalSection(ProjectConfigurationPlatforms) = postSolution
		{2F34A5BE-7A86-4267-87C4-CD465EF7ADFB}.Debug|Any CPU.ActiveCfg = Debug|Any CPU
		{2F34A5BE-7A86-4267-87C4-CD465EF7ADFB}.Debug|Any CPU.Build.0 = Debug|Any CPU
		{2F34A5BE-7A86-4267-87C4-CD465EF7ADFB}.Release|Any CPU.ActiveCfg = Release|Any CPU
		{2F34A5BE-7A86-4267-87C4-CD465EF7ADFB}.Release|Any CPU.Build.0 = Release|Any CPU
		{4C107DCC-B25C-440B-A3B7-D954E5786A59}.Debug|Any CPU.ActiveCfg = Debug|Any CPU
		{4C107DCC-B25C-440B-A3B7-D954E5786A59}.Debug|Any CPU.Build.0 = Debug|Any CPU
		{4C107DCC-B25C-440B-A3B7-D954E5786A59}.Release|Any CPU.ActiveCfg = Release|Any CPU
		{4C107DCC-B25C-440B-A3B7-D954E5786A59}.Release|Any CPU.Build.0 = Release|Any CPU
		{82C31766-E0A2-4367-A1B9-CDF58076C48B}.Debug|Any CPU.ActiveCfg = Debug|Any CPU
		{82C31766-E0A2-4367-A1B9-CDF58076C48B}.Debug|Any CPU.Build.0 = Debug|Any CPU
		{82C31766-E0A2-4367-A1B9-CDF58076C48B}.Release|Any CPU.ActiveCfg = Release|Any CPU
		{82C31766-E0A2-4367-A1B9-CDF58076C48B}.Release|Any CPU.Build.0 = Release|Any CPU
		{41E0C170-FD89-4DAC-9480-CE74CCFA6BEF}.Debug|Any CPU.ActiveCfg = Debug|Any CPU
		{41E0C170-FD89-4DAC-9480-CE74CCFA6BEF}.Debug|Any CPU.Build.0 = Debug|Any CPU
		{41E0C170-FD89-4DAC-9480-CE74CCFA6BEF}.Release|Any CPU.ActiveCfg = Release|Any CPU
		{41E0C170-FD89-4DAC-9480-CE74CCFA6BEF}.Release|Any CPU.Build.0 = Release|Any CPU
		{70EF26B3-A5F2-420C-AF48-0BF5DD88D6D2}.Debug|Any CPU.ActiveCfg = Debug|Any CPU
		{70EF26B3-A5F2-420C-AF48-0BF5DD88D6D2}.Debug|Any CPU.Build.0 = Debug|Any CPU
		{70EF26B3-A5F2-420C-AF48-0BF5DD88D6D2}.Release|Any CPU.ActiveCfg = Release|Any CPU
		{70EF26B3-A5F2-420C-AF48-0BF5DD88D6D2}.Release|Any CPU.Build.0 = Release|Any CPU
		{86E86EBF-2329-4FCD-B265-05EE56166115}.Debug|Any CPU.ActiveCfg = Debug|Any CPU
		{86E86EBF-2329-4FCD-B265-05EE56166115}.Debug|Any CPU.Build.0 = Debug|Any CPU
		{86E86EBF-2329-4FCD-B265-05EE56166115}.Release|Any CPU.ActiveCfg = Release|Any CPU
		{86E86EBF-2329-4FCD-B265-05EE56166115}.Release|Any CPU.Build.0 = Release|Any CPU
	EndGlobalSection
	GlobalSection(NestedProjects) = preSolution
		{82C31766-E0A2-4367-A1B9-CDF58076C48B} = {1A7E5397-CFA9-4D54-A41D-DB294B9706D1}
		{41E0C170-FD89-4DAC-9480-CE74CCFA6BEF} = {1A7E5397-CFA9-4D54-A41D-DB294B9706D1}
		{70EF26B3-A5F2-420C-AF48-0BF5DD88D6D2} = {F36E18CF-1CD2-45C9-8270-0448FB18A9E7}
		{86E86EBF-2329-4FCD-B265-05EE56166115} = {78713F51-DF3E-4B9B-AB6D-9869450813CE}
	EndGlobalSection
EndGlobal
